
Microsoft Visual Studio Solution File, Format Version 12.00
# Visual Studio Version 17
VisualStudioVersion = 17.5.002.0
MinimumVisualStudioVersion = 10.0.40219.1
Project("{9A19103F-16F7-4668-BE54-9A1E7A4F7556}") = "CatalogServices", "CatalogServices.csproj", "{D63DD2FD-0F80-42DA-B400-B1F4327D6F2F}"
EndProject
Global
	GlobalSection(SolutionConfigurationPlatforms) = preSolution
		Debug|Any CPU = Debug|Any CPU
		Release|Any CPU = Release|Any CPU
	EndGlobalSection
	GlobalSection(ProjectConfigurationPlatforms) = postSolution
		{D63DD2FD-0F80-42DA-B400-B1F4327D6F2F}.Debug|Any CPU.ActiveCfg = Debug|Any CPU
		{D63DD2FD-0F80-42DA-B400-B1F4327D6F2F}.Debug|Any CPU.Build.0 = Debug|Any CPU
		{D63DD2FD-0F80-42DA-B400-B1F4327D6F2F}.Release|Any CPU.ActiveCfg = Release|Any CPU
		{D63DD2FD-0F80-42DA-B400-B1F4327D6F2F}.Release|Any CPU.Build.0 = Release|Any CPU
	EndGlobalSection
	GlobalSection(SolutionProperties) = preSolution
		HideSolutionNode = FALSE
	EndGlobalSection
	GlobalSection(ExtensibilityGlobals) = postSolution
		SolutionGuid = {BD3D0BD9-136A-44D2-ADA3-810F8067C6C1}
	EndGlobalSection
EndGlobal
